# requirements.txt should contain only top-level requirements
# Update it manually: http://www.jfabre.com/how-not-to-to-pip-requirements/
# requirements.lock should be generated with pip freeze
Pillow==8.1.0
ImageHash==4.0
elasticsearch==6.3.1
## The following requirements were added by pip freeze:
certifi==2021.10.8
elastic-transport==8.1.0
numpy==1.22.0
PyWavelets==1.2.0
scipy==1.7.3
six==1.16.0
urllib3==1.26.8
